
Microsoft Visual Studio Solution File, Format Version 12.00
# Visual Studio 14
VisualStudioVersion = 14.0.25420.1
MinimumVisualStudioVersion = 10.0.40219.1
Project("{FAE04EC0-301F-11D3-BF4B-00C04F79EFBC}") = "NContract.Core", "NContract.Core\NContract.Core.csproj", "{9C137600-000D-408D-8F74-D5AAB07392E3}"
EndProject
Project("{FAE04EC0-301F-11D3-BF4B-00C04F79EFBC}") = "WebApi", "WebApi\WebApi.csproj", "{C53EE51D-4EB5-426B-9ABF-C1995BD65C3D}"
EndProject
Project("{FAE04EC0-301F-11D3-BF4B-00C04F79EFBC}") = "WebApi.IISHost", "WebApi.IISHost\WebApi.IISHost.csproj", "{F52610DE-0290-43AD-B0BD-EFFFBC71DAC3}"
EndProject
Project("{2150E333-8FDC-42A3-9474-1A3956D46DE8}") = "WebApi", "WebApi", "{F25EE75C-1EE0-4D22-97FA-5DA59DD0E539}"
EndProject
Project("{FAE04EC0-301F-11D3-BF4B-00C04F79EFBC}") = "WebApi.Tests.Contract", "WebApi.Tests.Contract\WebApi.Tests.Contract.csproj", "{528D3464-D84C-42A8-B661-30517DB70E9A}"
EndProject
Project("{2150E333-8FDC-42A3-9474-1A3956D46DE8}") = "NContract.Tests", "NContract.Tests", "{4E09A22B-A23A-48F8-8E53-1E84157B6334}"
EndProject
Project("{2150E333-8FDC-42A3-9474-1A3956D46DE8}") = "Ncontract", "Ncontract", "{04D4F91E-93A0-4543-ACB2-68351DD8C6B5}"
EndProject
Global
	GlobalSection(SolutionConfigurationPlatforms) = preSolution
		Debug|Any CPU = Debug|Any CPU
		Dev|Any CPU = Dev|Any CPU
		Qa|Any CPU = Qa|Any CPU
		Release|Any CPU = Release|Any CPU
	EndGlobalSection
	GlobalSection(ProjectConfigurationPlatforms) = postSolution
		{9C137600-000D-408D-8F74-D5AAB07392E3}.Debug|Any CPU.ActiveCfg = Debug|Any CPU
		{9C137600-000D-408D-8F74-D5AAB07392E3}.Debug|Any CPU.Build.0 = Debug|Any CPU
		{9C137600-000D-408D-8F74-D5AAB07392E3}.Dev|Any CPU.ActiveCfg = Debug|Any CPU
		{9C137600-000D-408D-8F74-D5AAB07392E3}.Dev|Any CPU.Build.0 = Debug|Any CPU
		{9C137600-000D-408D-8F74-D5AAB07392E3}.Qa|Any CPU.ActiveCfg = Release|Any CPU
		{9C137600-000D-408D-8F74-D5AAB07392E3}.Qa|Any CPU.Build.0 = Release|Any CPU
		{9C137600-000D-408D-8F74-D5AAB07392E3}.Release|Any CPU.ActiveCfg = Release|Any CPU
		{9C137600-000D-408D-8F74-D5AAB07392E3}.Release|Any CPU.Build.0 = Release|Any CPU
		{C53EE51D-4EB5-426B-9ABF-C1995BD65C3D}.Debug|Any CPU.ActiveCfg = Debug|Any CPU
		{C53EE51D-4EB5-426B-9ABF-C1995BD65C3D}.Debug|Any CPU.Build.0 = Debug|Any CPU
		{C53EE51D-4EB5-426B-9ABF-C1995BD65C3D}.Dev|Any CPU.ActiveCfg = Debug|Any CPU
		{C53EE51D-4EB5-426B-9ABF-C1995BD65C3D}.Dev|Any CPU.Build.0 = Debug|Any CPU
		{C53EE51D-4EB5-426B-9ABF-C1995BD65C3D}.Qa|Any CPU.ActiveCfg = Release|Any CPU
		{C53EE51D-4EB5-426B-9ABF-C1995BD65C3D}.Qa|Any CPU.Build.0 = Release|Any CPU
		{C53EE51D-4EB5-426B-9ABF-C1995BD65C3D}.Release|Any CPU.ActiveCfg = Release|Any CPU
		{C53EE51D-4EB5-426B-9ABF-C1995BD65C3D}.Release|Any CPU.Build.0 = Release|Any CPU
		{F52610DE-0290-43AD-B0BD-EFFFBC71DAC3}.Debug|Any CPU.ActiveCfg = Debug|Any CPU
		{F52610DE-0290-43AD-B0BD-EFFFBC71DAC3}.Debug|Any CPU.Build.0 = Debug|Any CPU
		{F52610DE-0290-43AD-B0BD-EFFFBC71DAC3}.Dev|Any CPU.ActiveCfg = Dev|Any CPU
		{F52610DE-0290-43AD-B0BD-EFFFBC71DAC3}.Dev|Any CPU.Build.0 = Dev|Any CPU
		{F52610DE-0290-43AD-B0BD-EFFFBC71DAC3}.Qa|Any CPU.ActiveCfg = Qa|Any CPU
		{F52610DE-0290-43AD-B0BD-EFFFBC71DAC3}.Qa|Any CPU.Build.0 = Qa|Any CPU
		{F52610DE-0290-43AD-B0BD-EFFFBC71DAC3}.Release|Any CPU.ActiveCfg = Release|Any CPU
		{F52610DE-0290-43AD-B0BD-EFFFBC71DAC3}.Release|Any CPU.Build.0 = Release|Any CPU
		{528D3464-D84C-42A8-B661-30517DB70E9A}.Debug|Any CPU.ActiveCfg = Debug|Any CPU
		{528D3464-D84C-42A8-B661-30517DB70E9A}.Debug|Any CPU.Build.0 = Debug|Any CPU
		{528D3464-D84C-42A8-B661-30517DB70E9A}.Dev|Any CPU.ActiveCfg = Debug|Any CPU
		{528D3464-D84C-42A8-B661-30517DB70E9A}.Dev|Any CPU.Build.0 = Debug|Any CPU
		{528D3464-D84C-42A8-B661-30517DB70E9A}.Qa|Any CPU.ActiveCfg = Release|Any CPU
		{528D3464-D84C-42A8-B661-30517DB70E9A}.Qa|Any CPU.Build.0 = Release|Any CPU
		{528D3464-D84C-42A8-B661-30517DB70E9A}.Release|Any CPU.ActiveCfg = Release|Any CPU
		{528D3464-D84C-42A8-B661-30517DB70E9A}.Release|Any CPU.Build.0 = Release|Any CPU
	EndGlobalSection
	GlobalSection(SolutionProperties) = preSolution
		HideSolutionNode = FALSE
	EndGlobalSection
	GlobalSection(NestedProjects) = preSolution
		{9C137600-000D-408D-8F74-D5AAB07392E3} = {04D4F91E-93A0-4543-ACB2-68351DD8C6B5}
		{C53EE51D-4EB5-426B-9ABF-C1995BD65C3D} = {F25EE75C-1EE0-4D22-97FA-5DA59DD0E539}
		{F52610DE-0290-43AD-B0BD-EFFFBC71DAC3} = {F25EE75C-1EE0-4D22-97FA-5DA59DD0E539}
		{528D3464-D84C-42A8-B661-30517DB70E9A} = {4E09A22B-A23A-48F8-8E53-1E84157B6334}
	EndGlobalSection
EndGlobal
